[[package]]
name = "QD"
source = "member"
dependencies = [
    "fixed_point",
    "libraries",
    "signed_integers",
    "std",
]

[[package]]
name = "core"
source = "path+from-root-B77DA2F383183718"

[[package]]
name = "fixed_point"
source = "git+https://github.com/fuellabs/sway-libs?branch=master#5d69f665207158517eba14c35c7d28cb1cb93aa9"
dependencies = ["std"]

[[package]]
name = "libraries"
source = "path+from-root-163A23D64F0174CB"
dependencies = [
    "fixed_point",
    "signed_integers",
    "std",
]

[[package]]
name = "signed_integers"
source = "git+https://github.com/fuellabs/sway-libs?branch=master#5d69f665207158517eba14c35c7d28cb1cb93aa9"
dependencies = ["std"]

[[package]]
name = "std"
source = "git+https://github.com/fuellabs/sway?tag=v0.48.1#6886ef050ce62afd3fe3186ed562fd33bd76bffa"
dependencies = ["core"]
