[[package]]
name = 'core'
source = 'path+from-root-0A242FA4B81382A3'

[[package]]
name = 'core'
source = 'path+from-root-A5A9AFB187495FC2'

[[package]]
name = 'helpers'
source = 'path+from-root-E06FF6A941B48473'
dependencies = ['std git+https://github.com/fuellabs/sway?tag=v0.31.3#12ad8423811d566972dd75fbb954cdb95afde8d8']

[[package]]
name = 'quid'
source = 'member'
dependencies = [
    'helpers',
    'quid_abi',
    'std git+https://github.com/FuelLabs/sway?branch=master#ec819e606e39607534cf82ce39f05b2ae51e7b2e',
]

[[package]]
name = 'quid_abi'
source = 'path+from-root-E06FF6A941B48473'
dependencies = ['std git+https://github.com/fuellabs/sway?tag=v0.31.3#12ad8423811d566972dd75fbb954cdb95afde8d8']

[[package]]
name = 'std'
source = 'git+https://github.com/FuelLabs/sway?branch=master#ec819e606e39607534cf82ce39f05b2ae51e7b2e'
dependencies = ['core path+from-root-0A242FA4B81382A3']

[[package]]
name = 'std'
source = 'git+https://github.com/fuellabs/sway?tag=v0.31.3#12ad8423811d566972dd75fbb954cdb95afde8d8'
dependencies = ['core path+from-root-A5A9AFB187495FC2']
