[[package]]
name = 'core'
source = 'path+from-root-C3A89E5FB60D0337'
dependencies = []

[[package]]
name = 'core'
source = 'path+from-root-FA950BD4F5DF0A76'
dependencies = []

[[package]]
name = 'helpers'
source = 'path+from-root-E06FF6A941B48473'
dependencies = ['std git+https://github.com/fuellabs/sway?tag=v0.19.1#1202e790c119ff9f04c847ecaab3411cfaf32f94']

[[package]]
name = 'quid'
source = 'root'
dependencies = [
    'helpers',
    'quid_abi',
    'std git+https://github.com/FuelLabs/sway?branch=master#3b9413f4ba21c7d12d06f371adf25046e389fa7b',
]

[[package]]
name = 'quid_abi'
source = 'path+from-root-E06FF6A941B48473'
dependencies = ['std git+https://github.com/fuellabs/sway?tag=v0.19.1#1202e790c119ff9f04c847ecaab3411cfaf32f94']

[[package]]
name = 'std'
source = 'git+https://github.com/FuelLabs/sway?branch=master#3b9413f4ba21c7d12d06f371adf25046e389fa7b'
dependencies = ['core path+from-root-FA950BD4F5DF0A76']

[[package]]
name = 'std'
source = 'git+https://github.com/fuellabs/sway?tag=v0.19.1#1202e790c119ff9f04c847ecaab3411cfaf32f94'
dependencies = ['core path+from-root-C3A89E5FB60D0337']
